
Microsoft Visual Studio Solution File, Format Version 12.00
# Visual Studio Version 17
VisualStudioVersion = 17.6.33815.320
MinimumVisualStudioVersion = 10.0.40219.1
Project("{FAE04EC0-301F-11D3-BF4B-00C04F79EFBC}") = "Pod_sale_reznya", "Pod_sale_reznya\Pod_sale_reznya.csproj", "{B8D75A99-AF70-46E7-B024-1E7A7D5688D1}"
EndProject
Global
	GlobalSection(SolutionConfigurationPlatforms) = preSolution
		Debug|Any CPU = Debug|Any CPU
		Release|Any CPU = Release|Any CPU
	EndGlobalSection
	GlobalSection(ProjectConfigurationPlatforms) = postSolution
		{B8D75A99-AF70-46E7-B024-1E7A7D5688D1}.Debug|Any CPU.ActiveCfg = Debug|Any CPU
		{B8D75A99-AF70-46E7-B024-1E7A7D5688D1}.Debug|Any CPU.Build.0 = Debug|Any CPU
		{B8D75A99-AF70-46E7-B024-1E7A7D5688D1}.Release|Any CPU.ActiveCfg = Release|Any CPU
		{B8D75A99-AF70-46E7-B024-1E7A7D5688D1}.Release|Any CPU.Build.0 = Release|Any CPU
	EndGlobalSection
	GlobalSection(SolutionProperties) = preSolution
		HideSolutionNode = FALSE
	EndGlobalSection
	GlobalSection(ExtensibilityGlobals) = postSolution
		SolutionGuid = {BD43A889-874B-40B7-BBF8-F41C15782417}
	EndGlobalSection
EndGlobal
